// !$*UTF8*$!
{
	archiveVersion = 1;
	classes = {
	};
	objectVersion = 46;
	objects = {

/* Begin PBXBuildFile section */
		F5314C371C6FB3F500D84BB8 /* main.m in Sources */ = {isa = PBXBuildFile; fileRef = F5314C361C6FB3F500D84BB8 /* main.m */; };
		F5314C3A1C6FB3F500D84BB8 /* AppDelegate.m in Sources */ = {isa = PBXBuildFile; fileRef = F5314C391C6FB3F500D84BB8 /* AppDelegate.m */; };
		F5314C3D1C6FB3F500D84BB8 /* CoreDataBackground.xcdatamodeld in Sources */ = {isa = PBXBuildFile; fileRef = F5314C3B1C6FB3F500D84BB8 /* CoreDataBackground.xcdatamodeld */; };
		F5314C3F1C6FB3F500D84BB8 /* Assets.xcassets in Resources */ = {isa = PBXBuildFile; fileRef = F5314C3E1C6FB3F500D84BB8 /* Assets.xcassets */; };
		F5314C421C6FB3F500D84BB8 /* LaunchScreen.storyboard in Resources */ = {isa = PBXBuildFile; fileRef = F5314C401C6FB3F500D84BB8 /* LaunchScreen.storyboard */; };
		F5314C531C6FB50800D84BB8 /* PAWMainViewController.m in Sources */ = {isa = PBXBuildFile; fileRef = F5314C511C6FB50800D84BB8 /* PAWMainViewController.m */; };
		F5314C541C6FB50800D84BB8 /* PAWMainViewController.xib in Resources */ = {isa = PBXBuildFile; fileRef = F5314C521C6FB50800D84BB8 /* PAWMainViewController.xib */; };
		F5314C581C6FB5CC00D84BB8 /* PAWOperationBackground.m in Sources */ = {isa = PBXBuildFile; fileRef = F5314C571C6FB5CC00D84BB8 /* PAWOperationBackground.m */; };
		F5314C751C6FC71900D84BB8 /* PAWTestValues.m in Sources */ = {isa = PBXBuildFile; fileRef = F5314C721C6FC71900D84BB8 /* PAWTestValues.m */; };
		F5314C761C6FC71900D84BB8 /* PAWTestValues+CoreDataProperties.m in Sources */ = {isa = PBXBuildFile; fileRef = F5314C741C6FC71900D84BB8 /* PAWTestValues+CoreDataProperties.m */; };
/* End PBXBuildFile section */

/* Begin PBXFileReference section */
		F5314C321C6FB3F500D84BB8 /* CoreDataBackground.app */ = {isa = PBXFileReference; explicitFileType = wrapper.application; includeInIndex = 0; path = CoreDataBackground.app; sourceTree = BUILT_PRODUCTS_DIR; };
		F5314C361C6FB3F500D84BB8 /* main.m */ = {isa = PBXFileReference; lastKnownFileType = sourcecode.c.objc; path = main.m; sourceTree = "<group>"; };
		F5314C381C6FB3F500D84BB8 /* AppDelegate.h */ = {isa = PBXFileReference; lastKnownFileType = sourcecode.c.h; path = AppDelegate.h; sourceTree = "<group>"; };
		F5314C391C6FB3F500D84BB8 /* AppDelegate.m */ = {isa = PBXFileReference; lastKnownFileType = sourcecode.c.objc; path = AppDelegate.m; sourceTree = "<group>"; };
		F5314C3C1C6FB3F500D84BB8 /* CoreDataBackground.xcdatamodel */ = {isa = PBXFileReference; lastKnownFileType = wrapper.xcdatamodel; path = CoreDataBackground.xcdatamodel; sourceTree = "<group>"; };
		F5314C3E1C6FB3F500D84BB8 /* Assets.xcassets */ = {isa = PBXFileReference; lastKnownFileType = folder.assetcatalog; path = Assets.xcassets; sourceTree = "<group>"; };
		F5314C411C6FB3F500D84BB8 /* Base */ = {isa = PBXFileReference; lastKnownFileType = file.storyboard; name = Base; path = Base.lproj/LaunchScreen.storyboard; sourceTree = "<group>"; };
		F5314C431C6FB3F500D84BB8 /* Info.plist */ = {isa = PBXFileReference; lastKnownFileType = text.plist.xml; path = Info.plist; sourceTree = "<group>"; };
		F5314C501C6FB50800D84BB8 /* PAWMainViewController.h */ = {isa = PBXFileReference; fileEncoding = 4; lastKnownFileType = sourcecode.c.h; path = PAWMainViewController.h; sourceTree = "<group>"; };
		F5314C511C6FB50800D84BB8 /* PAWMainViewController.m */ = {isa = PBXFileReference; fileEncoding = 4; lastKnownFileType = sourcecode.c.objc; path = PAWMainViewController.m; sourceTree = "<group>"; };
		F5314C521C6FB50800D84BB8 /* PAWMainViewController.xib */ = {isa = PBXFileReference; fileEncoding = 4; lastKnownFileType = file.xib; path = PAWMainViewController.xib; sourceTree = "<group>"; };
		F5314C561C6FB5CC00D84BB8 /* PAWOperationBackground.h */ = {isa = PBXFileReference; fileEncoding = 4; lastKnownFileType = sourcecode.c.h; path = PAWOperationBackground.h; sourceTree = "<group>"; };
		F5314C571C6FB5CC00D84BB8 /* PAWOperationBackground.m */ = {isa = PBXFileReference; fileEncoding = 4; lastKnownFileType = sourcecode.c.objc; path = PAWOperationBackground.m; sourceTree = "<group>"; };
		F5314C711C6FC71900D84BB8 /* PAWTestValues.h */ = {isa = PBXFileReference; fileEncoding = 4; lastKnownFileType = sourcecode.c.h; name = PAWTestValues.h; path = CoreDataBackground/PAWTestValues.h; sourceTree = "<group>"; };
		F5314C721C6FC71900D84BB8 /* PAWTestValues.m */ = {isa = PBXFileReference; fileEncoding = 4; lastKnownFileType = sourcecode.c.objc; name = PAWTestValues.m; path = CoreDataBackground/PAWTestValues.m; sourceTree = "<group>"; };
		F5314C731C6FC71900D84BB8 /* PAWTestValues+CoreDataProperties.h */ = {isa = PBXFileReference; fileEncoding = 4; lastKnownFileType = sourcecode.c.h; name = "PAWTestValues+CoreDataProperties.h"; path = "CoreDataBackground/PAWTestValues+CoreDataProperties.h"; sourceTree = "<group>"; };
		F5314C741C6FC71900D84BB8 /* PAWTestValues+CoreDataProperties.m */ = {isa = PBXFileReference; fileEncoding = 4; lastKnownFileType = sourcecode.c.objc; name = "PAWTestValues+CoreDataProperties.m"; path = "CoreDataBackground/PAWTestValues+CoreDataProperties.m"; sourceTree = "<group>"; };
/* End PBXFileReference section */

/* Begin PBXFrameworksBuildPhase section */
		F5314C2F1C6FB3F500D84BB8 /* Frameworks */ = {
			isa = PBXFrameworksBuildPhase;
			buildActionMask = 2147483647;
			files = (
			);
			runOnlyForDeploymentPostprocessing = 0;
		};
/* End PBXFrameworksBuildPhase section */

/* Begin PBXGroup section */
		F5314C291C6FB3F500D84BB8 = {
			isa = PBXGroup;
			children = (
				F5314C341C6FB3F500D84BB8 /* CoreDataBackground */,
				F5314C331C6FB3F500D84BB8 /* Products */,
			);
			sourceTree = "<group>";
		};
		F5314C331C6FB3F500D84BB8 /* Products */ = {
			isa = PBXGroup;
			children = (
				F5314C321C6FB3F500D84BB8 /* CoreDataBackground.app */,
			);
			name = Products;
			sourceTree = "<group>";
		};
		F5314C341C6FB3F500D84BB8 /* CoreDataBackground */ = {
			isa = PBXGroup;
			children = (
				F5314C381C6FB3F500D84BB8 /* AppDelegate.h */,
				F5314C391C6FB3F500D84BB8 /* AppDelegate.m */,
				F5314C4F1C6FB4E100D84BB8 /* Model */,
				F5314C551C6FB50C00D84BB8 /* Controllers */,
				F5314C591C6FB5D600D84BB8 /* Operations */,
				F5314C3E1C6FB3F500D84BB8 /* Assets.xcassets */,
				F5314C401C6FB3F500D84BB8 /* LaunchScreen.storyboard */,
				F5314C431C6FB3F500D84BB8 /* Info.plist */,
				F5314C3B1C6FB3F500D84BB8 /* CoreDataBackground.xcdatamodeld */,
				F5314C351C6FB3F500D84BB8 /* Supporting Files */,
			);
			path = CoreDataBackground;
			sourceTree = "<group>";
		};
		F5314C351C6FB3F500D84BB8 /* Supporting Files */ = {
			isa = PBXGroup;
			children = (
				F5314C361C6FB3F500D84BB8 /* main.m */,
			);
			name = "Supporting Files";
			sourceTree = "<group>";
		};
		F5314C4F1C6FB4E100D84BB8 /* Model */ = {
			isa = PBXGroup;
			children = (
				F5314C711C6FC71900D84BB8 /* PAWTestValues.h */,
				F5314C721C6FC71900D84BB8 /* PAWTestValues.m */,
				F5314C731C6FC71900D84BB8 /* PAWTestValues+CoreDataProperties.h */,
				F5314C741C6FC71900D84BB8 /* PAWTestValues+CoreDataProperties.m */,
			);
			name = Model;
			path = ..;
			sourceTree = "<group>";
		};
		F5314C551C6FB50C00D84BB8 /* Controllers */ = {
			isa = PBXGroup;
			children = (
				F5314C501C6FB50800D84BB8 /* PAWMainViewController.h */,
				F5314C511C6FB50800D84BB8 /* PAWMainViewController.m */,
				F5314C521C6FB50800D84BB8 /* PAWMainViewController.xib */,
			);
			name = Controllers;
			sourceTree = "<group>";
		};
		F5314C591C6FB5D600D84BB8 /* Operations */ = {
			isa = PBXGroup;
			children = (
				F5314C561C6FB5CC00D84BB8 /* PAWOperationBackground.h */,
				F5314C571C6FB5CC00D84BB8 /* PAWOperationBackground.m */,
			);
			name = Operations;
			sourceTree = "<group>";
		};
/* End PBXGroup section */

/* Begin PBXNativeTarget section */
		F5314C311C6FB3F500D84BB8 /* CoreDataBackground */ = {
			isa = PBXNativeTarget;
			buildConfigurationList = F5314C461C6FB3F500D84BB8 /* Build configuration list for PBXNativeTarget "CoreDataBackground" */;
			buildPhases = (
				F5314C2E1C6FB3F500D84BB8 /* Sources */,
				F5314C2F1C6FB3F500D84BB8 /* Frameworks */,
				F5314C301C6FB3F500D84BB8 /* Resources */,
			);
			buildRules = (
			);
			dependencies = (
			);
			name = CoreDataBackground;
			productName = CoreDataBackground;
			productReference = F5314C321C6FB3F500D84BB8 /* CoreDataBackground.app */;
			productType = "com.apple.product-type.application";
		};
/* End PBXNativeTarget section */

/* Begin PBXProject section */
		F5314C2A1C6FB3F500D84BB8 /* Project object */ = {
			isa = PBXProject;
			attributes = {
				LastUpgradeCheck = 0720;
				ORGANIZATIONNAME = "Pawel Walicki";
				TargetAttributes = {
					F5314C311C6FB3F500D84BB8 = {
						CreatedOnToolsVersion = 7.2.1;
					};
				};
			};
			buildConfigurationList = F5314C2D1C6FB3F500D84BB8 /* Build configuration list for PBXProject "CoreDataBackground" */;
			compatibilityVersion = "Xcode 3.2";
			developmentRegion = English;
			hasScannedForEncodings = 0;
			knownRegions = (
				en,
				Base,
			);
			mainGroup = F5314C291C6FB3F500D84BB8;
			productRefGroup = F5314C331C6FB3F500D84BB8 /* Products */;
			projectDirPath = "";
			projectRoot = "";
			targets = (
				F5314C311C6FB3F500D84BB8 /* CoreDataBackground */,
			);
		};
/* End PBXProject section */

/* Begin PBXResourcesBuildPhase section */
		F5314C301C6FB3F500D84BB8 /* Resources */ = {
			isa = PBXResourcesBuildPhase;
			buildActionMask = 2147483647;
			files = (
				F5314C541C6FB50800D84BB8 /* PAWMainViewController.xib in Resources */,
				F5314C3F1C6FB3F500D84BB8 /* Assets.xcassets in Resources */,
				F5314C421C6FB3F500D84BB8 /* LaunchScreen.storyboard in Resources */,
			);
			runOnlyForDeploymentPostprocessing = 0;
		};
/* End PBXResourcesBuildPhase section */

/* Begin PBXSourcesBuildPhase section */
		F5314C2E1C6FB3F500D84BB8 /* Sources */ = {
			isa = PBXSourcesBuildPhase;
			buildActionMask = 2147483647;
			files = (
				F5314C3A1C6FB3F500D84BB8 /* AppDelegate.m in Sources */,
				F5314C581C6FB5CC00D84BB8 /* PAWOperationBackground.m in Sources */,
				F5314C761C6FC71900D84BB8 /* PAWTestValues+CoreDataProperties.m in Sources */,
				F5314C531C6FB50800D84BB8 /* PAWMainViewController.m in Sources */,
				F5314C371C6FB3F500D84BB8 /* main.m in Sources */,
				F5314C751C6FC71900D84BB8 /* PAWTestValues.m in Sources */,
				F5314C3D1C6FB3F500D84BB8 /* CoreDataBackground.xcdatamodeld in Sources */,
			);
			runOnlyForDeploymentPostprocessing = 0;
		};
/* End PBXSourcesBuildPhase section */

/* Begin PBXVariantGroup section */
		F5314C401C6FB3F500D84BB8 /* LaunchScreen.storyboard */ = {
			isa = PBXVariantGroup;
			children = (
				F5314C411C6FB3F500D84BB8 /* Base */,
			);
			name = LaunchScreen.storyboard;
			sourceTree = "<group>";
		};
/* End PBXVariantGroup section */

/* Begin XCBuildConfiguration section */
		F5314C441C6FB3F500D84BB8 /* Debug */ = {
			isa = XCBuildConfiguration;
			buildSettings = {
				ALWAYS_SEARCH_USER_PATHS = NO;
				CLANG_CXX_LANGUAGE_STANDARD = "gnu++0x";
				CLANG_CXX_LIBRARY = "libc++";
				CLANG_ENABLE_MODULES = YES;
				CLANG_ENABLE_OBJC_ARC = YES;
				CLANG_WARN_BOOL_CONVERSION = YES;
				CLANG_WARN_CONSTANT_CONVERSION = YES;
				CLANG_WARN_DIRECT_OBJC_ISA_USAGE = YES_ERROR;
				CLANG_WARN_EMPTY_BODY = YES;
				CLANG_WARN_ENUM_CONVERSION = YES;
				CLANG_WARN_INT_CONVERSION = YES;
				CLANG_WARN_OBJC_ROOT_CLASS = YES_ERROR;
				CLANG_WARN_UNREACHABLE_CODE = YES;
				CLANG_WARN__DUPLICATE_METHOD_MATCH = YES;
				"CODE_SIGN_IDENTITY[sdk=iphoneos*]" = "iPhone Developer";
				COPY_PHASE_STRIP = NO;
				DEBUG_INFORMATION_FORMAT = dwarf;
				ENABLE_STRICT_OBJC_MSGSEND = YES;
				ENABLE_TESTABILITY = YES;
				GCC_C_LANGUAGE_STANDARD = gnu99;
				GCC_DYNAMIC_NO_PIC = NO;
				GCC_NO_COMMON_BLOCKS = YES;
				GCC_OPTIMIZATION_LEVEL = 0;
				GCC_PREPROCESSOR_DEFINITIONS = (
					"DEBUG=1",
					"$(inherited)",
				);
				GCC_WARN_64_TO_32_BIT_CONVERSION = YES;
				GCC_WARN_ABOUT_RETURN_TYPE = YES_ERROR;
				GCC_WARN_UNDECLARED_SELECTOR = YES;
				GCC_WARN_UNINITIALIZED_AUTOS = YES_AGGRESSIVE;
				GCC_WARN_UNUSED_FUNCTION = YES;
				GCC_WARN_UNUSED_VARIABLE = YES;
				IPHONEOS_DEPLOYMENT_TARGET = 9.2;
				MTL_ENABLE_DEBUG_INFO = YES;
				ONLY_ACTIVE_ARCH = YES;
				SDKROOT = iphoneos;
				TARGETED_DEVICE_FAMILY = "1,2";
			};
			name = Debug;
		};
		F5314C451C6FB3F500D84BB8 /* Release */ = {
			isa = XCBuildConfiguration;
			buildSettings = {
				ALWAYS_SEARCH_USER_PATHS = NO;
				CLANG_CXX_LANGUAGE_STANDARD = "gnu++0x";
				CLANG_CXX_LIBRARY = "libc++";
				CLANG_ENABLE_MODULES = YES;
				CLANG_ENABLE_OBJC_ARC = YES;
				CLANG_WARN_BOOL_CONVERSION = YES;
				CLANG_WARN_CONSTANT_CONVERSION = YES;
				CLANG_WARN_DIRECT_OBJC_ISA_USAGE = YES_ERROR;
				CLANG_WARN_EMPTY_BODY = YES;
				CLANG_WARN_ENUM_CONVERSION = YES;
				CLANG_WARN_INT_CONVERSION = YES;
				CLANG_WARN_OBJC_ROOT_CLASS = YES_ERROR;
				CLANG_WARN_UNREACHABLE_CODE = YES;
				CLANG_WARN__DUPLICATE_METHOD_MATCH = YES;
				"CODE_SIGN_IDENTITY[sdk=iphoneos*]" = "iPhone Developer";
				COPY_PHASE_STRIP = NO;
				DEBUG_INFORMATION_FORMAT = "dwarf-with-dsym";
				ENABLE_NS_ASSERTIONS = NO;
				ENABLE_STRICT_OBJC_MSGSEND = YES;
				GCC_C_LANGUAGE_STANDARD = gnu99;
				GCC_NO_COMMON_BLOCKS = YES;
				GCC_WARN_64_TO_32_BIT_CONVERSION = YES;
				GCC_WARN_ABOUT_RETURN_TYPE = YES_ERROR;
				GCC_WARN_UNDECLARED_SELECTOR = YES;
				GCC_WARN_UNINITIALIZED_AUTOS = YES_AGGRESSIVE;
				GCC_WARN_UNUSED_FUNCTION = YES;
				GCC_WARN_UNUSED_VARIABLE = YES;
				IPHONEOS_DEPLOYMENT_TARGET = 9.2;
				MTL_ENABLE_DEBUG_INFO = NO;
				SDKROOT = iphoneos;
				TARGETED_DEVICE_FAMILY = "1,2";
				VALIDATE_PRODUCT = YES;
			};
			name = Release;
		};
		F5314C471C6FB3F500D84BB8 /* Debug */ = {
			isa = XCBuildConfiguration;
			buildSettings = {
				ASSETCATALOG_COMPILER_APPICON_NAME = AppIcon;
				INFOPLIST_FILE = CoreDataBackground/Info.plist;
				LD_RUNPATH_SEARCH_PATHS = "$(inherited) @executable_path/Frameworks";
				PRODUCT_BUNDLE_IDENTIFIER = com.pawel.CoreDataBackground;
				PRODUCT_NAME = "$(TARGET_NAME)";
			};
			name = Debug;
		};
		F5314C481C6FB3F500D84BB8 /* Release */ = {
			isa = XCBuildConfiguration;
			buildSettings = {
				ASSETCATALOG_COMPILER_APPICON_NAME = AppIcon;
				INFOPLIST_FILE = CoreDataBackground/Info.plist;
				LD_RUNPATH_SEARCH_PATHS = "$(inherited) @executable_path/Frameworks";
				PRODUCT_BUNDLE_IDENTIFIER = com.pawel.CoreDataBackground;
				PRODUCT_NAME = "$(TARGET_NAME)";
			};
			name = Release;
		};
/* End XCBuildConfiguration section */

/* Begin XCConfigurationList section */
		F5314C2D1C6FB3F500D84BB8 /* Build configuration list for PBXProject "CoreDataBackground" */ = {
			isa = XCConfigurationList;
			buildConfigurations = (
				F5314C441C6FB3F500D84BB8 /* Debug */,
				F5314C451C6FB3F500D84BB8 /* Release */,
			);
			defaultConfigurationIsVisible = 0;
			defaultConfigurationName = Release;
		};
		F5314C461C6FB3F500D84BB8 /* Build configuration list for PBXNativeTarget "CoreDataBackground" */ = {
			isa = XCConfigurationList;
			buildConfigurations = (
				F5314C471C6FB3F500D84BB8 /* Debug */,
				F5314C481C6FB3F500D84BB8 /* Release */,
			);
			defaultConfigurationIsVisible = 0;
		};
/* End XCConfigurationList section */

/* Begin XCVersionGroup section */
		F5314C3B1C6FB3F500D84BB8 /* CoreDataBackground.xcdatamodeld */ = {
			isa = XCVersionGroup;
			children = (
				F5314C3C1C6FB3F500D84BB8 /* CoreDataBackground.xcdatamodel */,
			);
			currentVersion = F5314C3C1C6FB3F500D84BB8 /* CoreDataBackground.xcdatamodel */;
			path = CoreDataBackground.xcdatamodeld;
			sourceTree = "<group>";
			versionGroupType = wrapper.xcdatamodel;
		};
/* End XCVersionGroup section */
	};
	rootObject = F5314C2A1C6FB3F500D84BB8 /* Project object */;
}
